
Microsoft Visual Studio Solution File, Format Version 12.00
# Visual Studio 2013
VisualStudioVersion = 12.0.21005.1
MinimumVisualStudioVersion = 10.0.40219.1
Project("{FAE04EC0-301F-11D3-BF4B-00C04F79EFBC}") = "MappingTiles", "MappingTiles\MappingTiles.csproj", "{C0E860A3-8E0F-4E7A-A83A-2FADE8903439}"
EndProject
Project("{FAE04EC0-301F-11D3-BF4B-00C04F79EFBC}") = "TemporaryTest", "TemporaryTest\TemporaryTest.csproj", "{B0970078-4050-4CA0-9CB5-EE481B5F899A}"
EndProject
Project("{FAE04EC0-301F-11D3-BF4B-00C04F79EFBC}") = "TileRequest", "TileRequest\TileRequest.csproj", "{F3FCBC14-484F-4662-BA77-2067BAE9BD52}"
EndProject
Global
	GlobalSection(SolutionConfigurationPlatforms) = preSolution
		Debug|Any CPU = Debug|Any CPU
		Release|Any CPU = Release|Any CPU
	EndGlobalSection
	GlobalSection(ProjectConfigurationPlatforms) = postSolution
		{C0E860A3-8E0F-4E7A-A83A-2FADE8903439}.Debug|Any CPU.ActiveCfg = Debug|Any CPU
		{C0E860A3-8E0F-4E7A-A83A-2FADE8903439}.Debug|Any CPU.Build.0 = Debug|Any CPU
		{C0E860A3-8E0F-4E7A-A83A-2FADE8903439}.Release|Any CPU.ActiveCfg = Release|Any CPU
		{C0E860A3-8E0F-4E7A-A83A-2FADE8903439}.Release|Any CPU.Build.0 = Release|Any CPU
		{B0970078-4050-4CA0-9CB5-EE481B5F899A}.Debug|Any CPU.ActiveCfg = Debug|Any CPU
		{B0970078-4050-4CA0-9CB5-EE481B5F899A}.Debug|Any CPU.Build.0 = Debug|Any CPU
		{B0970078-4050-4CA0-9CB5-EE481B5F899A}.Release|Any CPU.ActiveCfg = Release|Any CPU
		{B0970078-4050-4CA0-9CB5-EE481B5F899A}.Release|Any CPU.Build.0 = Release|Any CPU
		{F3FCBC14-484F-4662-BA77-2067BAE9BD52}.Debug|Any CPU.ActiveCfg = Debug|Any CPU
		{F3FCBC14-484F-4662-BA77-2067BAE9BD52}.Debug|Any CPU.Build.0 = Debug|Any CPU
		{F3FCBC14-484F-4662-BA77-2067BAE9BD52}.Release|Any CPU.ActiveCfg = Release|Any CPU
		{F3FCBC14-484F-4662-BA77-2067BAE9BD52}.Release|Any CPU.Build.0 = Release|Any CPU
	EndGlobalSection
	GlobalSection(SolutionProperties) = preSolution
		HideSolutionNode = FALSE
	EndGlobalSection
EndGlobal
